# This file is autogenerated, do not edit; changes may be undone by the next 'dep ensure'.


[[projects]]
  digest = "1:4202ab09395574fdc038cf334a5e3c6887fb41dfd281bbc6007becc115cb44b4"
  name = "github.com/Comcast/pulsar-client-go"
  packages = [
    ".",
    "api",
    "frame",
  ]
  pruneopts = ""
  revision = "d669484e60e7f709498a119f36ed060ed0c1eeed"
  version = "v0.1.1"

[[projects]]
  branch = "master"
  digest = "1:a6a3ce6ff165f9a640e57773c90eb594d68974edc877500649707daddae7fd39"
  name = "github.com/armon/go-metrics"
  packages = ["."]
  pruneopts = ""
  revision = "ec5e00d3c878b2a97bbe0884ef45ffd1b4f669f5"

[[projects]]
  digest = "1:0deddd908b6b4b768cfc272c16ee61e7088a60f7fe2f06c547bd3d8e1f8b8e77"
  name = "github.com/davecgh/go-spew"
  packages = ["spew"]
  pruneopts = ""
  revision = "8991bc29aa16c548c550c7ff78260e27b9ab7c73"
  version = "v1.1.1"

[[projects]]
  digest = "1:8a7970acc52fbdc197f906b6bfb3c1984db9add3b825ee826b9bba1a7a1f6a19"
  name = "github.com/dghubble/sling"
  packages = ["."]
  pruneopts = ""
  revision = "5a2946623f885d0cfcd7085b039baec12ad53fdd"
  version = "v1.3.0"

[[projects]]
  digest = "1:b852d2b62be24e445fcdbad9ce3015b44c207815d631230dfce3f14e7803f5bf"
  name = "github.com/golang/protobuf"
  packages = [
    "descriptor",
    "jsonpb",
    "proto",
    "protoc-gen-go/descriptor",
    "ptypes",
    "ptypes/any",
    "ptypes/duration",
    "ptypes/struct",
    "ptypes/timestamp",
    "ptypes/wrappers",
  ]
  pruneopts = ""
  revision = "6c65a5562fc06764971b7c5d05c76c75e84bdbf7"
  version = "v1.3.2"

[[projects]]
  digest = "1:cea4aa2038169ee558bf507d5ea02c94ca85bcca28a4c7bb99fd59b31e43a686"
  name = "github.com/google/go-querystring"
  packages = ["query"]
  pruneopts = ""
  revision = "44c6ddd0a2342c386950e880b658017258da92fc"
  version = "v1.0.0"

[[projects]]
  digest = "1:883e2fdbdd0e577187bd8106fec775b1176059af267a7f40eba5308955c67d52"
  name = "github.com/gorilla/mux"
  packages = ["."]
  pruneopts = ""
  revision = "00bdffe0f3c77e27d2cf6f5c70232a2d3e4d9c15"
  version = "v1.7.3"

[[projects]]
  digest = "1:82f525814411593d55dd1725585c7d706ad70fa24dca036444891a4032271971"
  name = "github.com/grpc-ecosystem/grpc-gateway"
  packages = [
    "internal",
    "runtime",
    "utilities",
  ]
  pruneopts = ""
  revision = "ece8fdf051b731392b407fdb9a9b1b9ffb6f9793"
  version = "v1.11.3"

[[projects]]
  digest = "1:e517a4fb63e7467e44600a420863fba5c4c9769d486759fb3c6e04fd071854d9"
  name = "github.com/hashicorp/consul"
  packages = ["api"]
  pruneopts = ""
  revision = "9be6dfc310ddd54627d698537a98827245185290"
  version = "v1.6.1"

[[projects]]
  digest = "1:984b627a3c838daa9f4c949ec8e6f049a7021b1156eb4db0337c3a5afe07aada"
  name = "github.com/hashicorp/go-cleanhttp"
  packages = ["."]
  pruneopts = ""
  revision = "eda1e5db218aad1db63ca4642c8906b26bcf2744"
  version = "v0.5.1"

[[projects]]
  digest = "1:1b913b0e775a9c55defad5b4549f08d848db0eb999e2f633f89730a852c0af76"
  name = "github.com/hashicorp/go-immutable-radix"
  packages = ["."]
  pruneopts = ""
  revision = "7dd1121b595e4e1bd6dd5caa78e0f5c454740379"
  version = "v1.1.0"

[[projects]]
  digest = "1:1ce74de952243566df45871a9e823f3000efac179a8a75af8b1c57c49ae89d97"
  name = "github.com/hashicorp/go-rootcerts"
  packages = ["."]
  pruneopts = ""
  revision = "df8e78a645e18d56ed7bb9ae10ffb8174ab892e2"
  version = "v1.0.1"

[[projects]]
  digest = "1:7f6f07500a0b7d3766b00fa466040b97f2f5b5f3eef2ecabfe516e703b05119a"
  name = "github.com/hashicorp/golang-lru"
  packages = ["simplelru"]
  pruneopts = ""
  revision = "7f827b33c0f158ec5dfbba01bb0b14a4541fd81d"
  version = "v0.5.3"

[[projects]]
  digest = "1:a21c6e5b96e6f2d029550613fe8f524f2b60784c5ab91a2b6752c10174bf02ad"
  name = "github.com/hashicorp/serf"
  packages = ["coordinate"]
  pruneopts = ""
  revision = "1d3fdf93bbe5002c5023da50402368a817488691"
  version = "v0.8.5"

[[projects]]
  digest = "1:870d441fe217b8e689d7949fef6e43efbc787e50f200cb1e70dbca9204a1d6be"
  name = "github.com/inconshreveable/mousetrap"
  packages = ["."]
  pruneopts = ""
  revision = "76626ae9c91c4f2a10f34cad8ce83ea42c93bb75"
  version = "v1.0"

[[projects]]
  digest = "1:6dbb0eb72090871f2e58d1e37973fe3cb8c0f45f49459398d3fc740cb30e13bd"
  name = "github.com/mitchellh/go-homedir"
  packages = ["."]
  pruneopts = ""
  revision = "af06845cf3004701891bf4fdb884bfe4920b3727"
  version = "v1.1.0"

[[projects]]
  digest = "1:bcc46a0fbd9e933087bef394871256b5c60269575bb661935874729c65bbbf60"
  name = "github.com/mitchellh/mapstructure"
  packages = ["."]
  pruneopts = ""
  revision = "3536a929edddb9a5b34bd6861dc4a9647cb459fe"
  version = "v1.1.2"

[[projects]]
  digest = "1:0cc441f3dfe124dd74f44dd7e466dfc17cc7edff468094fbc3847a96b5ebf6f7"
  name = "github.com/nalej/derrors"
  packages = ["."]
  pruneopts = ""
  revision = "7a6df7f0bb1c7cddfec82c91119f193f6fcbc9d5"
  version = "v2.0.0"

[[projects]]
  digest = "1:f5d89dfa1fa07f512bdb6524213969242e92892a842f3273a9578d5ea8212197"
  name = "github.com/nalej/dhttp"
  packages = [
    ".",
    "errors",
  ]
  pruneopts = ""
  revision = "183189e6174ab61357eceed0ccb83e5ee8a1981b"
  version = "v1.4.0"

[[projects]]
  digest = "1:516a1ea0b1ca3e3ee4ee7e6a6e9eded2b43f4330c4e3a1fa816a47eedfe16cfc"
  name = "github.com/nalej/grpc-account-go"
  packages = ["."]
  pruneopts = ""
  revision = "5f5186186c7c5914f26a657b24de07a5ca69af5b"
  version = "v0.0.2"

[[projects]]
  digest = "1:4b87383e6f67af502f1d7a5c334a49cee9cd54625e20b1c43edbd158669ff0fa"
  name = "github.com/nalej/grpc-app-cluster-api-go"
  packages = ["."]
  pruneopts = ""
  revision = "436c376784c6252540a2d7d7e375f1513a045e04"
  version = "v0.0.23"

[[projects]]
  digest = "1:fa2362b0a1a12ad0ad660d8e7970665ff93f645c37b77e9022aa9915356e46b5"
  name = "github.com/nalej/grpc-application-go"
  packages = ["."]
  pruneopts = ""
  revision = "7346d806549d851b7fc6174937f30ba189fe8bbf"
  version = "v0.0.87"

[[projects]]
  digest = "1:345c4e990857221495cc88b1d8ce32ee81de776f747b9d4404859896d38f091d"
  name = "github.com/nalej/grpc-application-network-go"
  packages = ["."]
  pruneopts = ""
  revision = "23e31ddcb31803af6616c30e02779ccc44607350"
  version = "v0.0.15"

[[projects]]
  digest = "1:be9824efa8944bc7180a51b2e0c1b62d49902a3e5faa3a1ed57a15358e465096"
  name = "github.com/nalej/grpc-authx-go"
  packages = ["."]
  pruneopts = ""
  revision = "1eda9772318a852d1de2139e075962e95fc8ef76"
  version = "v0.0.53"

[[projects]]
  digest = "1:138ee21ed5896c1c96e4e87ec0a5f729ab9be0545bd0362fc6ffdc39e81b0cff"
  name = "github.com/nalej/grpc-bus-go"
  packages = ["."]
  pruneopts = ""
  revision = "b59079ae38f7c9eb535b1876c6bb319fddf1baa4"
  version = "v0.0.21"

[[projects]]
  digest = "1:c96717a83498637ef49ea903eaa07c20a1dc9511043b06da8ac8099dffa58b68"
  name = "github.com/nalej/grpc-cluster-watcher-go"
  packages = ["."]
  pruneopts = ""
  revision = "dab36160f6c422effd58b50582485154d5eae6b6"
  version = "v0.0.7"

[[projects]]
  digest = "1:afebe5d9834769b2016dbd9959f423658e53e6691c08090a746d26e2312b6207"
  name = "github.com/nalej/grpc-common-go"
  packages = ["."]
  pruneopts = ""
  revision = "6911d92a2f221527fe4ae93375ffe5a2b71b3c7a"
  version = "v0.0.34"

[[projects]]
  digest = "1:7a8ba8c56b116a037799514848afacd52474d6c0d33dbc72d3ba7c1de4e7bd33"
  name = "github.com/nalej/grpc-conductor-go"
  packages = ["."]
  pruneopts = ""
  revision = "3cb276e34c5c31e5aeeb9a1279b4682ff9b161ae"
  version = "v0.0.93"

[[projects]]
  digest = "1:94f368a2db0cd367bbde71ad88dcab84d5b8d78518ef3a0c235976594d304d3f"
  name = "github.com/nalej/grpc-connectivity-manager-go"
  packages = ["."]
  pruneopts = ""
  revision = "3d110b2be9a969d36cf8b26aee397b92f90d2dc4"
  version = "v0.0.2"

[[projects]]
  digest = "1:d4d47e029773280e1c3f542d3f2f6395f34cc2ae227faf9110a0c02a581243ed"
  name = "github.com/nalej/grpc-deployment-manager-go"
  packages = ["."]
  pruneopts = ""
  revision = "a58be13435df24cb1dcb5aac2be34d7a869860f4"
  version = "v0.0.62"

[[projects]]
  digest = "1:0bad099051ea5df46222752d38f98673d2ccec88ab40e30a9ec3d1473cbcd634"
  name = "github.com/nalej/grpc-device-controller-go"
  packages = ["."]
  pruneopts = ""
  revision = "a17911a9960d5b17ac0b40f4613a07258b831e69"
  version = "v0.0.8"

[[projects]]
  digest = "1:3ca41f78bb85f99af2d8700df5eb03447f0660fba1360d78bf3fa6d10d89ac85"
  name = "github.com/nalej/grpc-device-go"
  packages = ["."]
  pruneopts = ""
  revision = "4d8993a2e3a050aff85f5f34e0508f84a6ccb270"
  version = "v0.0.38"

[[projects]]
  digest = "1:8bf6a4f61d120a58f7d0f5c623dfd0767ae7719fc98f9ebd12c0cd96205c6e12"
  name = "github.com/nalej/grpc-device-manager-go"
  packages = ["."]
  pruneopts = ""
  revision = "63520a6d8f6e6adaa2e49dcd0fd970eaf285e1de"
  version = "v0.0.14"

[[projects]]
  digest = "1:77f1bad5ffae171bf3d5541ed55daa03e5c6de0270d3ed10a7afb594f6110c20"
  name = "github.com/nalej/grpc-infrastructure-go"
  packages = ["."]
  pruneopts = ""
  revision = "42315cee8de61d8ea3e8fb5b1e31e5f7ecfd3988"
  version = "v0.0.47"

[[projects]]
  digest = "1:3ff7102c03393dd8f56c2f8e7cc5f469bb83b2aa4800b64e25fe440214309d4e"
  name = "github.com/nalej/grpc-inventory-go"
  packages = ["."]
  pruneopts = ""
  revision = "e7ef121a4c1e38908a63afb1edde57fb24f15875"
  version = "v0.0.30"

[[projects]]
  digest = "1:aadce723b67827e0bdd529c2ec4b08609895c1959a1739d2f275d8d447d6c6c1"
  name = "github.com/nalej/grpc-inventory-manager-go"
  packages = ["."]
  pruneopts = ""
  revision = "9bc573adca95bf6e4debe84de9f6f4e30b266cab"
  version = "v0.0.56"

[[projects]]
  digest = "1:d3388514be7cf806b1c25193a776c089a39132d9a894cac4f2927d002203178a"
  name = "github.com/nalej/grpc-monitoring-go"
  packages = ["."]
  pruneopts = ""
  revision = "c2a8c0f161db818638c8e98816753d5ade5a95f0"
  version = "v0.0.6"

[[projects]]
  digest = "1:7751fa93ba35c03d96d9845818552006fd89da4ce00d1bbf67dee694e71bb9a8"
  name = "github.com/nalej/grpc-network-go"
  packages = ["."]
  pruneopts = ""
  revision = "93200c50283f7a231db85ab9753e23dd736b7daf"
  version = "v0.0.45"

[[projects]]
  digest = "1:0e5100c2c9fcced5b1c0f2306742cbd44dd401cfc52a4b90678c02277fb44ac2"
  name = "github.com/nalej/grpc-organization-go"
  packages = ["."]
  pruneopts = ""
  revision = "7d52d468280a36e3c7dff9633303edd50c416b0a"
  version = "v0.0.29"

[[projects]]
  digest = "1:742e280a68c2cbefdcc03e076ba7a2b22250cb9ba15e7e466eee55b0882e5282"
  name = "github.com/nalej/grpc-project-go"
  packages = ["."]
  pruneopts = ""
  revision = "37e82bc6c0190263e4856f6464b0cf06c9962dd5"
  version = "v0.0.2"

[[projects]]
  digest = "1:be9b75e8734511623a81a66b4e5d578ebd3b71562429950ea3784e6200d018e8"
  name = "github.com/nalej/grpc-unified-logging-go"
  packages = ["."]
  pruneopts = ""
  revision = "2e3d2b4924aadd448bdcc9c5fb9a59ffdd8197b0"
  version = "v0.0.3"

[[projects]]
  digest = "1:dbeda2ee45c23078db7b4873ee6b0ed06fe0be1a8fceb0ccefea5f8aa544fdf2"
  name = "github.com/nalej/grpc-user-go"
  packages = ["."]
  pruneopts = ""
  revision = "d8b3cc80788f39fadec3ca44c3fc1dff61a1971f"
  version = "v0.0.32"

[[projects]]
  digest = "1:347aace88c837e2b1b65a7c603e1b74066e3ad9c26343a2001649e3a2354591b"
  name = "github.com/nalej/grpc-utils"
  packages = [
    "pkg/conversions",
    "pkg/tools",
  ]
  pruneopts = ""
  revision = "926e5152669ee71c0e6904055ebe6cfb5492b599"
  version = "v1.4.0"

[[projects]]
  branch = "master"
  digest = "1:eb5b9ca9a6eda938fc276a569834d306d6545ef2dd398ccace234a12f52c6025"
  name = "github.com/nalej/nalej-bus"
  packages = [
    "pkg/bus",
    "pkg/bus/pulsar-comcast",
    "pkg/queue",
    "pkg/queue/application/events",
    "pkg/queue/network/ops",
  ]
  pruneopts = ""
  revision = "c98abce4d7d90f9fff223bd28407db6d52a6dad2"

[[projects]]
  digest = "1:256484dbbcd271f9ecebc6795b2df8cad4c458dd0f5fd82a8c2fa0c29f233411"
  name = "github.com/pmezard/go-difflib"
  packages = ["difflib"]
  pruneopts = ""
  revision = "792786c7400a136282c1664665ae0a8db921c6c2"
  version = "v1.0.0"

[[projects]]
  digest = "1:349884fbc84da0cc04726aacc98616d2a229cbb4139d96b5def6a6b7016e354b"
  name = "github.com/rs/zerolog"
  packages = [
    ".",
    "internal/cbor",
    "internal/json",
    "log",
  ]
  pruneopts = ""
  revision = "7592fcbe604741a8d6044390c09d70c01569e1b3"
  version = "v1.16.0"

[[projects]]
  digest = "1:0c63b3c7ad6d825a898f28cb854252a3b29d37700c68a117a977263f5ec94efe"
  name = "github.com/spf13/cobra"
  packages = ["."]
  pruneopts = ""
  revision = "f2b07da1e2c38d5f12845a4f607e2e1018cbb1f5"
  version = "v0.0.5"

[[projects]]
  digest = "1:688428eeb1ca80d92599eb3254bdf91b51d7e232fead3a73844c1f201a281e51"
  name = "github.com/spf13/pflag"
  packages = ["."]
  pruneopts = ""
  revision = "2e9d26c8c37aae03e3f9d4e90b7116f5accb7cab"
  version = "v1.0.5"

[[projects]]
  digest = "1:c587772fb8ad29ad4db67575dad25ba17a51f072ff18a22b4f0257a4d9c24f75"
  name = "github.com/stretchr/testify"
  packages = [
    "assert",
    "require",
    "suite",
  ]
  pruneopts = ""
  revision = "f35b8ab0b5a2cef36673838d662e249dd9c94686"
  version = "v1.2.2"

[[projects]]
  branch = "master"
  digest = "1:196c20449a0cc94113029193d7ce9e36e46e676c27a2fe06522243f57ced19c5"
  name = "golang.org/x/net"
  packages = [
    "context",
    "http/httpguts",
    "http2",
    "http2/hpack",
    "idna",
    "internal/timeseries",
    "trace",
  ]
  pruneopts = ""
  revision = "fe3aa8a4527195a6057b3fad46619d7d090e99b5"

[[projects]]
  branch = "master"
  digest = "1:a155b7400cb9270dda3f63651160c0349a9e16855975956c79e618e9f30c160c"
  name = "golang.org/x/sys"
  packages = ["unix"]
  pruneopts = ""
  revision = "f43be2a4598cf3a47be9f94f0c28197ed9eae611"

[[projects]]
  digest = "1:740b51a55815493a8d0f2b1e0d0ae48fe48953bf7eaf3fcc4198823bf67768c0"
  name = "golang.org/x/text"
  packages = [
    "collate",
    "collate/build",
    "internal/colltab",
    "internal/gen",
    "internal/language",
    "internal/language/compact",
    "internal/tag",
    "internal/triegen",
    "internal/ucd",
    "language",
    "secure/bidirule",
    "transform",
    "unicode/bidi",
    "unicode/cldr",
    "unicode/norm",
    "unicode/rangetable",
  ]
  pruneopts = ""
  revision = "342b2e1fbaa52c93f31447ad2c6abc048c63e475"
  version = "v0.3.2"

[[projects]]
  branch = "master"
  digest = "1:b29336aebd5fb26d3f6b8e776969db4e4e29765ff7313eb43d4593961a64e438"
  name = "google.golang.org/genproto"
  packages = [
    "googleapis/api/annotations",
    "googleapis/api/httpbody",
    "googleapis/rpc/errdetails",
    "googleapis/rpc/status",
    "protobuf/field_mask",
  ]
  pruneopts = ""
  revision = "919d9bdd9fe6f1a5dd95ce5d5e4cdb8fd3c516d0"

[[projects]]
  digest = "1:30d215704e78c21ffff90aa8e86ca1a438fec2837bad082116510fe5a862af5e"
  name = "google.golang.org/grpc"
  packages = [
    ".",
    "balancer",
    "balancer/base",
    "balancer/roundrobin",
    "binarylog/grpc_binarylog_v1",
    "codes",
    "connectivity",
    "credentials",
    "credentials/internal",
    "encoding",
    "encoding/proto",
    "grpclog",
    "internal",
    "internal/backoff",
    "internal/balancerload",
    "internal/binarylog",
    "internal/channelz",
    "internal/envconfig",
    "internal/grpcrand",
    "internal/grpcsync",
    "internal/syscall",
    "internal/transport",
    "keepalive",
    "metadata",
    "naming",
    "peer",
    "reflection",
    "reflection/grpc_reflection_v1alpha",
    "resolver",
    "resolver/dns",
    "resolver/passthrough",
    "serviceconfig",
    "stats",
    "status",
    "tap",
  ]
  pruneopts = ""
  revision = "f6d0f9ee430895e87ef1ceb5ac8f39725bafceef"
  version = "v1.24.0"

[solve-meta]
  analyzer-name = "dep"
  analyzer-version = 1
  input-imports = [
    "github.com/hashicorp/consul/api",
    "github.com/nalej/derrors",
    "github.com/nalej/dhttp",
    "github.com/nalej/grpc-app-cluster-api-go",
    "github.com/nalej/grpc-application-go",
    "github.com/nalej/grpc-application-network-go",
    "github.com/nalej/grpc-common-go",
    "github.com/nalej/grpc-conductor-go",
    "github.com/nalej/grpc-connectivity-manager-go",
    "github.com/nalej/grpc-deployment-manager-go",
    "github.com/nalej/grpc-infrastructure-go",
    "github.com/nalej/grpc-network-go",
    "github.com/nalej/grpc-organization-go",
    "github.com/nalej/grpc-utils/pkg/conversions",
    "github.com/nalej/grpc-utils/pkg/tools",
    "github.com/nalej/nalej-bus/pkg/bus/pulsar-comcast",
    "github.com/nalej/nalej-bus/pkg/queue/application/events",
    "github.com/nalej/nalej-bus/pkg/queue/network/ops",
    "github.com/rs/zerolog",
    "github.com/rs/zerolog/log",
    "github.com/spf13/cobra",
    "golang.org/x/net/context",
    "google.golang.org/grpc",
    "google.golang.org/grpc/credentials",
    "google.golang.org/grpc/reflection",
  ]
  solver-name = "gps-cdcl"
  solver-version = 1
