# This file is autogenerated, do not edit; changes may be undone by the next 'dep ensure'.


[[projects]]
  digest = "1:4202ab09395574fdc038cf334a5e3c6887fb41dfd281bbc6007becc115cb44b4"
  name = "github.com/Comcast/pulsar-client-go"
  packages = [
    ".",
    "api",
    "frame",
  ]
  pruneopts = ""
  revision = "d669484e60e7f709498a119f36ed060ed0c1eeed"
  version = "v0.1.1"

[[projects]]
  branch = "master"
  digest = "1:a6a3ce6ff165f9a640e57773c90eb594d68974edc877500649707daddae7fd39"
  name = "github.com/armon/go-metrics"
  packages = ["."]
  pruneopts = ""
  revision = "ec5e00d3c878b2a97bbe0884ef45ffd1b4f669f5"

[[projects]]
  digest = "1:0deddd908b6b4b768cfc272c16ee61e7088a60f7fe2f06c547bd3d8e1f8b8e77"
  name = "github.com/davecgh/go-spew"
  packages = ["spew"]
  pruneopts = ""
  revision = "8991bc29aa16c548c550c7ff78260e27b9ab7c73"
  version = "v1.1.1"

[[projects]]
  digest = "1:fbf696b8af25bb4a791792b90cab2cfea212fac0ac0307ef72c298c5ebc1638b"
  name = "github.com/dghubble/sling"
  packages = ["."]
  pruneopts = ""
  revision = "e2624bf29a7de45ab0802b09aea94ca0a7815c5f"
  version = "v1.2.0"

[[projects]]
  digest = "1:529d738b7976c3848cae5cf3a8036440166835e389c1f617af701eeb12a0518d"
  name = "github.com/golang/protobuf"
  packages = [
    "jsonpb",
    "proto",
    "protoc-gen-go/descriptor",
    "protoc-gen-go/generator",
    "protoc-gen-go/generator/internal/remap",
    "protoc-gen-go/plugin",
    "ptypes",
    "ptypes/any",
    "ptypes/duration",
    "ptypes/struct",
    "ptypes/timestamp",
    "ptypes/wrappers",
  ]
  pruneopts = ""
  revision = "b5d812f8a3706043e23a9cd5babf2e5423744d30"
  version = "v1.3.1"

[[projects]]
  digest = "1:cea4aa2038169ee558bf507d5ea02c94ca85bcca28a4c7bb99fd59b31e43a686"
  name = "github.com/google/go-querystring"
  packages = ["query"]
  pruneopts = ""
  revision = "44c6ddd0a2342c386950e880b658017258da92fc"
  version = "v1.0.0"

[[projects]]
  digest = "1:ec5262e6c65f9fcedc01d7789ee4e18ad429dde822cfd50e57e3fd77c4d70c73"
  name = "github.com/gorilla/mux"
  packages = ["."]
  pruneopts = ""
  revision = "ed099d42384823742bba0bf9a72b53b55c9e2e38"
  version = "v1.7.2"

[[projects]]
  digest = "1:00df3d333710921fa57027a908b1b0d83a7805fec4bcac92b2ce67b56eed2803"
  name = "github.com/grpc-ecosystem/grpc-gateway"
  packages = [
    "internal",
    "runtime",
    "utilities",
  ]
  pruneopts = ""
  revision = "cddead4ec1d10cc62f08e1fd6f8591fbe71cfff9"
  version = "v1.9.1"

[[projects]]
  digest = "1:1e6256d21549c376a8d423ce42b57c44e696bb60f358a93563bcef77657f623d"
  name = "github.com/hashicorp/consul"
  packages = ["api"]
  pruneopts = ""
  revision = "40cec98468b829e5cdaacb0629b3e23a028db688"
  version = "v1.5.1"

[[projects]]
  digest = "1:984b627a3c838daa9f4c949ec8e6f049a7021b1156eb4db0337c3a5afe07aada"
  name = "github.com/hashicorp/go-cleanhttp"
  packages = ["."]
  pruneopts = ""
  revision = "eda1e5db218aad1db63ca4642c8906b26bcf2744"
  version = "v0.5.1"

[[projects]]
  digest = "1:1b913b0e775a9c55defad5b4549f08d848db0eb999e2f633f89730a852c0af76"
  name = "github.com/hashicorp/go-immutable-radix"
  packages = ["."]
  pruneopts = ""
  revision = "7dd1121b595e4e1bd6dd5caa78e0f5c454740379"
  version = "v1.1.0"

[[projects]]
  digest = "1:1ce74de952243566df45871a9e823f3000efac179a8a75af8b1c57c49ae89d97"
  name = "github.com/hashicorp/go-rootcerts"
  packages = ["."]
  pruneopts = ""
  revision = "df8e78a645e18d56ed7bb9ae10ffb8174ab892e2"
  version = "v1.0.1"

[[projects]]
  digest = "1:85f8f8d390a03287a563e215ea6bd0610c858042731a8b42062435a0dcbc485f"
  name = "github.com/hashicorp/golang-lru"
  packages = ["simplelru"]
  pruneopts = ""
  revision = "7087cb70de9f7a8bc0a10c375cb0d2280a8edf9c"
  version = "v0.5.1"

[[projects]]
  digest = "1:4d298692efc058ff814677015c8db92b1ac63baffa8e238382babd77e1c5fcd4"
  name = "github.com/hashicorp/serf"
  packages = ["coordinate"]
  pruneopts = ""
  revision = "15cfd05de3dffb3664aa37b06e91f970b825e380"
  version = "v0.8.3"

[[projects]]
  digest = "1:870d441fe217b8e689d7949fef6e43efbc787e50f200cb1e70dbca9204a1d6be"
  name = "github.com/inconshreveable/mousetrap"
  packages = ["."]
  pruneopts = ""
  revision = "76626ae9c91c4f2a10f34cad8ce83ea42c93bb75"
  version = "v1.0"

[[projects]]
  digest = "1:6dbb0eb72090871f2e58d1e37973fe3cb8c0f45f49459398d3fc740cb30e13bd"
  name = "github.com/mitchellh/go-homedir"
  packages = ["."]
  pruneopts = ""
  revision = "af06845cf3004701891bf4fdb884bfe4920b3727"
  version = "v1.1.0"

[[projects]]
  digest = "1:bcc46a0fbd9e933087bef394871256b5c60269575bb661935874729c65bbbf60"
  name = "github.com/mitchellh/mapstructure"
  packages = ["."]
  pruneopts = ""
  revision = "3536a929edddb9a5b34bd6861dc4a9647cb459fe"
  version = "v1.1.2"

[[projects]]
  digest = "1:0cc441f3dfe124dd74f44dd7e466dfc17cc7edff468094fbc3847a96b5ebf6f7"
  name = "github.com/nalej/derrors"
  packages = ["."]
  pruneopts = ""
  revision = "7a6df7f0bb1c7cddfec82c91119f193f6fcbc9d5"
  version = "v2.0.0"

[[projects]]
  digest = "1:f5d89dfa1fa07f512bdb6524213969242e92892a842f3273a9578d5ea8212197"
  name = "github.com/nalej/dhttp"
  packages = [
    ".",
    "errors",
  ]
  pruneopts = ""
  revision = "183189e6174ab61357eceed0ccb83e5ee8a1981b"
  version = "v1.4.0"

[[projects]]
  digest = "1:f49883f12b5034edaa162f957261fc2b31bcca4fd0d006d5466e059677c0f30e"
  name = "github.com/nalej/grpc-app-cluster-api-go"
  packages = ["."]
  pruneopts = ""
  revision = "0e9abb31d78dec5e8e2abfba379bd91e18ac1740"
  version = "v0.0.19"

[[projects]]
  digest = "1:68d84b15d67868fa490659de39b2d14f5d68674b9ad22406ee21f249d7a3ae04"
  name = "github.com/nalej/grpc-application-go"
  packages = ["."]
  pruneopts = ""
  revision = "ffa17dee9fb51f8fdb71d345c12c05be6ce097cb"
  version = "v0.0.83"

[[projects]]
  digest = "1:cfdc08a44d4a20ba76521e370c464e9a3056154cbe939c8115f3f689b7eedc7a"
  name = "github.com/nalej/grpc-authx-go"
  packages = ["."]
  pruneopts = ""
  revision = "27c410c0c02716415a772e92832e9059a1c3e95a"
  version = "v0.0.50"

[[projects]]
  digest = "1:3c4bf2bdd81f007468f6cca08a71de8ea26e47136e94efad962d68ace2c4891b"
  name = "github.com/nalej/grpc-bus-go"
  packages = ["."]
  pruneopts = ""
  revision = "ab6874a4c63c103df0593a5f1665524663b2a16c"
  version = "v0.0.16"

[[projects]]
  digest = "1:44f7426538411ea9f774f96e3b102decc9f549b188e55e29ecc15be69542a96b"
  name = "github.com/nalej/grpc-common-go"
  packages = ["."]
  pruneopts = ""
  revision = "e1513decc4192934536180d456748a4c3dec0245"
  version = "v0.0.30"

[[projects]]
  digest = "1:c9676a5b7c0af47fc9e39c803217a0b3ac0e6cc5077ac7001ccc456ffdc99f36"
  name = "github.com/nalej/grpc-conductor-go"
  packages = ["."]
  pruneopts = ""
  revision = "8111f6b0ae4f36578c1866332493f54c3de86cbe"
  version = "v0.0.91"

[[projects]]
  digest = "1:c4085c39a41a032a55b5e1056807398a5c5dc8f0bf05653904334fe16a293cdc"
  name = "github.com/nalej/grpc-deployment-manager-go"
  packages = ["."]
  pruneopts = ""
  revision = "a773e4d2a67ca1d983b2851adb373084b809823b"
  version = "v0.0.58"

[[projects]]
  digest = "1:0bad099051ea5df46222752d38f98673d2ccec88ab40e30a9ec3d1473cbcd634"
  name = "github.com/nalej/grpc-device-controller-go"
  packages = ["."]
  pruneopts = ""
  revision = "a17911a9960d5b17ac0b40f4613a07258b831e69"
  version = "v0.0.8"

[[projects]]
  digest = "1:f18300a019aa912c9ef686b87ba734cdc851295ffc72c5b3cebcad54507d57cc"
  name = "github.com/nalej/grpc-device-go"
  packages = ["."]
  pruneopts = ""
  revision = "047fcac2cd225b26c5a768691100c7912b6202ed"
  version = "v0.0.36"

[[projects]]
  digest = "1:9ef7ae7251d71ade21fb00ed620d3caeb0d44efb636f7d44e71bc53678e35c93"
  name = "github.com/nalej/grpc-device-manager-go"
  packages = ["."]
  pruneopts = ""
  revision = "3ac1cd3df9e7f8a4eb05c86f8af1d5502295ed70"
  version = "v0.0.13"

[[projects]]
  digest = "1:45793a945f1c3fadb8ac997ce0056a790fe626c221792f849ca71b86aa1a96f2"
  name = "github.com/nalej/grpc-infrastructure-go"
  packages = ["."]
  pruneopts = ""
  revision = "670c43c3cba1eceadd539001c57a23b0e3791637"
  version = "v0.0.37"

[[projects]]
  digest = "1:6bbca7d893e45448d94e677f49b6dddd710afc2866408f8109a7313f36ed221d"
  name = "github.com/nalej/grpc-infrastructure-monitor-go"
  packages = ["."]
  pruneopts = ""
  revision = "f0b2679383393f4de772889420b1e5ab6ee77447"
  version = "v0.0.3"

[[projects]]
  digest = "1:e52a6409dee0debe0f68f7a1c77036d4120115ea1d1491ba93ebf109aa8bb50a"
  name = "github.com/nalej/grpc-inventory-go"
  packages = ["."]
  pruneopts = ""
  revision = "a1d4777aae66823379e4142489016a40559e3bd0"
  version = "v0.0.24"

[[projects]]
  digest = "1:237f8c83d0c500a2170ba7eb31c5e459149f7202fea0ae13c71a5aff0031f5d7"
  name = "github.com/nalej/grpc-inventory-manager-go"
  packages = ["."]
  pruneopts = ""
  revision = "ce838b5c50c9155724379a5a7d3dc357f8616de5"
  version = "v0.0.39"

[[projects]]
  digest = "1:f41783cc6d03c6734fe9bb8b42ca4aa87651430e98cd8fe0ad5c72ca30da2efa"
  name = "github.com/nalej/grpc-network-go"
  packages = ["."]
  pruneopts = ""
  revision = "41e32d47652ad671340be2a115d36ec4364070e4"
  version = "v0.0.42"

[[projects]]
  digest = "1:9921e275160e1559963d6452a918027db3563746fd03f63369ab104c0fbf16bf"
  name = "github.com/nalej/grpc-organization-go"
  packages = ["."]
  pruneopts = ""
  revision = "c571882666c05213df408ae9da8ab08f71a7a7bb"
  version = "v0.0.28"

[[projects]]
  digest = "1:be9b75e8734511623a81a66b4e5d578ebd3b71562429950ea3784e6200d018e8"
  name = "github.com/nalej/grpc-unified-logging-go"
  packages = ["."]
  pruneopts = ""
  revision = "2e3d2b4924aadd448bdcc9c5fb9a59ffdd8197b0"
  version = "v0.0.3"

[[projects]]
  digest = "1:10fc9b68ee6cadf220c5a9268711c2521806cc96e77ac132f67451ea2950954e"
  name = "github.com/nalej/grpc-user-go"
  packages = ["."]
  pruneopts = ""
  revision = "05ecf0dd7746f97320758e963b10e398c1725179"
  version = "v0.0.30"

[[projects]]
  digest = "1:347aace88c837e2b1b65a7c603e1b74066e3ad9c26343a2001649e3a2354591b"
  name = "github.com/nalej/grpc-utils"
  packages = [
    "pkg/conversions",
    "pkg/tools",
  ]
  pruneopts = ""
  revision = "926e5152669ee71c0e6904055ebe6cfb5492b599"
  version = "v1.4.0"

[[projects]]
  digest = "1:78b9ea1f00799013ef71a7aac9d14bd90467df5046914544b80a3e37450215cb"
  name = "github.com/nalej/nalej-bus"
  packages = [
    "pkg/bus",
    "pkg/bus/pulsar-comcast",
    "pkg/queue",
    "pkg/queue/network/ops",
  ]
  pruneopts = ""
  revision = "c9e71fc5c960d72e422c7cb4a23add81ab263515"
  version = "v0.3.0"

[[projects]]
  digest = "1:256484dbbcd271f9ecebc6795b2df8cad4c458dd0f5fd82a8c2fa0c29f233411"
  name = "github.com/pmezard/go-difflib"
  packages = ["difflib"]
  pruneopts = ""
  revision = "792786c7400a136282c1664665ae0a8db921c6c2"
  version = "v1.0.0"

[[projects]]
  digest = "1:3b6d6b1b349b7a4e3325572853b9e1f95b7f87950be55ae3317f8c91fb878d00"
  name = "github.com/rs/zerolog"
  packages = [
    ".",
    "internal/cbor",
    "internal/json",
    "log",
  ]
  pruneopts = ""
  revision = "acf3980132bfcdc48638724e6e3d9e5749b85999"
  version = "v1.14.3"

[[projects]]
  digest = "1:0c63b3c7ad6d825a898f28cb854252a3b29d37700c68a117a977263f5ec94efe"
  name = "github.com/spf13/cobra"
  packages = ["."]
  pruneopts = ""
  revision = "f2b07da1e2c38d5f12845a4f607e2e1018cbb1f5"
  version = "v0.0.5"

[[projects]]
  digest = "1:cbaf13cdbfef0e4734ed8a7504f57fe893d471d62a35b982bf6fb3f036449a66"
  name = "github.com/spf13/pflag"
  packages = ["."]
  pruneopts = ""
  revision = "298182f68c66c05229eb03ac171abe6e309ee79a"
  version = "v1.0.3"

[[projects]]
  digest = "1:c587772fb8ad29ad4db67575dad25ba17a51f072ff18a22b4f0257a4d9c24f75"
  name = "github.com/stretchr/testify"
  packages = [
    "assert",
    "require",
    "suite",
  ]
  pruneopts = ""
  revision = "f35b8ab0b5a2cef36673838d662e249dd9c94686"
  version = "v1.2.2"

[[projects]]
  branch = "master"
  digest = "1:e8dcab1991c5afb5f4cf88ebfbe7edc85407cc3c3a0768e705e10158b2036963"
  name = "golang.org/x/net"
  packages = [
    "context",
    "http/httpguts",
    "http2",
    "http2/hpack",
    "idna",
    "internal/timeseries",
    "trace",
  ]
  pruneopts = ""
  revision = "d28f0bde5980168871434b95cfc858db9f2a7a99"

[[projects]]
  branch = "master"
  digest = "1:3e58d7c7f8e8393f1738c1e57295392d3a0560a1785738010ce40a87c3fe1096"
  name = "golang.org/x/sys"
  packages = ["unix"]
  pruneopts = ""
  revision = "15dcb6c0061f497a3f66e3ea034b629c6dd4d99e"

[[projects]]
  digest = "1:740b51a55815493a8d0f2b1e0d0ae48fe48953bf7eaf3fcc4198823bf67768c0"
  name = "golang.org/x/text"
  packages = [
    "collate",
    "collate/build",
    "internal/colltab",
    "internal/gen",
    "internal/language",
    "internal/language/compact",
    "internal/tag",
    "internal/triegen",
    "internal/ucd",
    "language",
    "secure/bidirule",
    "transform",
    "unicode/bidi",
    "unicode/cldr",
    "unicode/norm",
    "unicode/rangetable",
  ]
  pruneopts = ""
  revision = "342b2e1fbaa52c93f31447ad2c6abc048c63e475"
  version = "v0.3.2"

[[projects]]
  branch = "master"
  digest = "1:35b7c9c7e96aaebcd052de9c0b9787e22796a979e989408d7ce9a9a32de906d4"
  name = "google.golang.org/genproto"
  packages = [
    "googleapis/api/annotations",
    "googleapis/api/httpbody",
    "googleapis/rpc/errdetails",
    "googleapis/rpc/status",
    "protobuf/field_mask",
  ]
  pruneopts = ""
  revision = "a7e196e89fd3a3c4d103ca540bd5dac3a736e375"

[[projects]]
  digest = "1:6881653b963cd12dc1a9824aed5e122d0ff38e53e3ee07862f969a56ad2f2e9c"
  name = "google.golang.org/grpc"
  packages = [
    ".",
    "balancer",
    "balancer/base",
    "balancer/roundrobin",
    "binarylog/grpc_binarylog_v1",
    "codes",
    "connectivity",
    "credentials",
    "credentials/internal",
    "encoding",
    "encoding/proto",
    "grpclog",
    "internal",
    "internal/backoff",
    "internal/balancerload",
    "internal/binarylog",
    "internal/channelz",
    "internal/envconfig",
    "internal/grpcrand",
    "internal/grpcsync",
    "internal/syscall",
    "internal/transport",
    "keepalive",
    "metadata",
    "naming",
    "peer",
    "reflection",
    "reflection/grpc_reflection_v1alpha",
    "resolver",
    "resolver/dns",
    "resolver/passthrough",
    "stats",
    "status",
    "tap",
  ]
  pruneopts = ""
  revision = "501c41df7f472c740d0674ff27122f3f48c80ce7"
  version = "v1.21.1"

[solve-meta]
  analyzer-name = "dep"
  analyzer-version = 1
  input-imports = [
    "github.com/hashicorp/consul/api",
    "github.com/nalej/derrors",
    "github.com/nalej/dhttp",
    "github.com/nalej/grpc-app-cluster-api-go",
    "github.com/nalej/grpc-application-go",
    "github.com/nalej/grpc-common-go",
    "github.com/nalej/grpc-deployment-manager-go",
    "github.com/nalej/grpc-infrastructure-go",
    "github.com/nalej/grpc-network-go",
    "github.com/nalej/grpc-organization-go",
    "github.com/nalej/grpc-utils/pkg/conversions",
    "github.com/nalej/grpc-utils/pkg/tools",
    "github.com/nalej/nalej-bus/pkg/bus/pulsar-comcast",
    "github.com/nalej/nalej-bus/pkg/queue/network/ops",
    "github.com/rs/zerolog",
    "github.com/rs/zerolog/log",
    "github.com/spf13/cobra",
    "golang.org/x/net/context",
    "google.golang.org/grpc",
    "google.golang.org/grpc/credentials",
    "google.golang.org/grpc/reflection",
  ]
  solver-name = "gps-cdcl"
  solver-version = 1
